# THIS IS AN AUTOGENERATED FILE. DO NOT EDIT THIS FILE DIRECTLY.
# yarn lockfile v1


easeljs@^1.0.2:
  version "1.0.2"
  resolved "https://registry.yarnpkg.com/easeljs/-/easeljs-1.0.2.tgz#68fdcc69d0f217394e2ebf51ae047428a81240de"

preloadjs@^1.0.1:
  version "1.0.1"
  resolved "https://registry.yarnpkg.com/preloadjs/-/preloadjs-1.0.1.tgz#71d14e94a8c94b1f6def2b01891d6bcd7e788c5d"

soundjs@^1.0.1:
  version "1.0.1"
  resolved "https://registry.yarnpkg.com/soundjs/-/soundjs-1.0.1.tgz#99970542d28d0df2a1ebd061ae75c961a98c8180"

tweenjs@^1.0.2:
  version "1.0.2"
  resolved "https://registry.yarnpkg.com/tweenjs/-/tweenjs-1.0.2.tgz#768869c4d4ba91fdb4c5ccc661969c58138555af"
